
Microsoft Visual Studio Solution File, Format Version 12.00
# Visual Studio Version 17
VisualStudioVersion = 17.4.33103.184
MinimumVisualStudioVersion = 10.0.40219.1
Project("{FAE04EC0-301F-11D3-BF4B-00C04F79EFBC}") = "HWLesson4", "HWLesson4\HWLesson4.csproj", "{1990D671-FF73-474F-A9F3-D71726BAF7CC}"
EndProject
Global
	GlobalSection(SolutionConfigurationPlatforms) = preSolution
		Debug|Any CPU = Debug|Any CPU
		Release|Any CPU = Release|Any CPU
	EndGlobalSection
	GlobalSection(ProjectConfigurationPlatforms) = postSolution
		{1990D671-FF73-474F-A9F3-D71726BAF7CC}.Debug|Any CPU.ActiveCfg = Debug|Any CPU
		{1990D671-FF73-474F-A9F3-D71726BAF7CC}.Debug|Any CPU.Build.0 = Debug|Any CPU
		{1990D671-FF73-474F-A9F3-D71726BAF7CC}.Release|Any CPU.ActiveCfg = Release|Any CPU
		{1990D671-FF73-474F-A9F3-D71726BAF7CC}.Release|Any CPU.Build.0 = Release|Any CPU
	EndGlobalSection
	GlobalSection(SolutionProperties) = preSolution
		HideSolutionNode = FALSE
	EndGlobalSection
	GlobalSection(ExtensibilityGlobals) = postSolution
		SolutionGuid = {6D62EE10-09C4-4CA0-8F6E-4F831CAD6BD4}
	EndGlobalSection
EndGlobal
